
Microsoft Visual Studio Solution File, Format Version 12.00
# Visual Studio Version 17
VisualStudioVersion = 17.3.32825.248
MinimumVisualStudioVersion = 10.0.40219.1
Project("{FAE04EC0-301F-11D3-BF4B-00C04F79EFBC}") = "DHSHOP", "DHSHOP\DHSHOP.csproj", "{DC2625C3-1B8C-49CD-A822-BC0590E6FAF3}"
EndProject
Global
	GlobalSection(SolutionConfigurationPlatforms) = preSolution
		Debug|Any CPU = Debug|Any CPU
		Release|Any CPU = Release|Any CPU
	EndGlobalSection
	GlobalSection(ProjectConfigurationPlatforms) = postSolution
		{DC2625C3-1B8C-49CD-A822-BC0590E6FAF3}.Debug|Any CPU.ActiveCfg = Debug|Any CPU
		{DC2625C3-1B8C-49CD-A822-BC0590E6FAF3}.Debug|Any CPU.Build.0 = Debug|Any CPU
		{DC2625C3-1B8C-49CD-A822-BC0590E6FAF3}.Release|Any CPU.ActiveCfg = Release|Any CPU
		{DC2625C3-1B8C-49CD-A822-BC0590E6FAF3}.Release|Any CPU.Build.0 = Release|Any CPU
	EndGlobalSection
	GlobalSection(SolutionProperties) = preSolution
		HideSolutionNode = FALSE
	EndGlobalSection
	GlobalSection(ExtensibilityGlobals) = postSolution
		SolutionGuid = {9DABA870-B972-4E2B-B770-35283C9AADE0}
	EndGlobalSection
EndGlobal
